// !$*UTF8*$!
{
	archiveVersion = 1;
	classes = {
	};
	objectVersion = 46;
	objects = {

/* Begin PBXBuildFile section */
		257378DD1EF17A7C00598119 /* main.m in Sources */ = {isa = PBXBuildFile; fileRef = 257378DC1EF17A7C00598119 /* main.m */; };
		257378E01EF17A7C00598119 /* AppDelegate.m in Sources */ = {isa = PBXBuildFile; fileRef = 257378DF1EF17A7C00598119 /* AppDelegate.m */; };
		257378E31EF17A7C00598119 /* ViewController.m in Sources */ = {isa = PBXBuildFile; fileRef = 257378E21EF17A7C00598119 /* ViewController.m */; };
		257378E61EF17A7C00598119 /* Main.storyboard in Resources */ = {isa = PBXBuildFile; fileRef = 257378E41EF17A7C00598119 /* Main.storyboard */; };
		257378E81EF17A7C00598119 /* Assets.xcassets in Resources */ = {isa = PBXBuildFile; fileRef = 257378E71EF17A7C00598119 /* Assets.xcassets */; };
		257378EB1EF17A7C00598119 /* LaunchScreen.storyboard in Resources */ = {isa = PBXBuildFile; fileRef = 257378E91EF17A7C00598119 /* LaunchScreen.storyboard */; };
		257378F61EF17A7D00598119 /* ZhouYongTests.m in Sources */ = {isa = PBXBuildFile; fileRef = 257378F51EF17A7D00598119 /* ZhouYongTests.m */; };
		257379011EF17A7D00598119 /* ZhouYongUITests.m in Sources */ = {isa = PBXBuildFile; fileRef = 257379001EF17A7D00598119 /* ZhouYongUITests.m */; };
/* End PBXBuildFile section */

/* Begin PBXContainerItemProxy section */
		257378F21EF17A7C00598119 /* PBXContainerItemProxy */ = {
			isa = PBXContainerItemProxy;
			containerPortal = 257378D01EF17A7C00598119 /* Project object */;
			proxyType = 1;
			remoteGlobalIDString = 257378D71EF17A7C00598119;
			remoteInfo = ZhouYong;
		};
		257378FD1EF17A7D00598119 /* PBXContainerItemProxy */ = {
			isa = PBXContainerItemProxy;
			containerPortal = 257378D01EF17A7C00598119 /* Project object */;
			proxyType = 1;
			remoteGlobalIDString = 257378D71EF17A7C00598119;
			remoteInfo = ZhouYong;
		};
/* End PBXContainerItemProxy section */

/* Begin PBXFileReference section */
		257378D81EF17A7C00598119 /* ZhouYong.app */ = {isa = PBXFileReference; explicitFileType = wrapper.application; includeInIndex = 0; path = ZhouYong.app; sourceTree = BUILT_PRODUCTS_DIR; };
		257378DC1EF17A7C00598119 /* main.m */ = {isa = PBXFileReference; lastKnownFileType = sourcecode.c.objc; path = main.m; sourceTree = "<group>"; };
		257378DE1EF17A7C00598119 /* AppDelegate.h */ = {isa = PBXFileReference; lastKnownFileType = sourcecode.c.h; path = AppDelegate.h; sourceTree = "<group>"; };
		257378DF1EF17A7C00598119 /* AppDelegate.m */ = {isa = PBXFileReference; lastKnownFileType = sourcecode.c.objc; path = AppDelegate.m; sourceTree = "<group>"; };
		257378E11EF17A7C00598119 /* ViewController.h */ = {isa = PBXFileReference; lastKnownFileType = sourcecode.c.h; path = ViewController.h; sourceTree = "<group>"; };
		257378E21EF17A7C00598119 /* ViewController.m */ = {isa = PBXFileReference; lastKnownFileType = sourcecode.c.objc; path = ViewController.m; sourceTree = "<group>"; };
		257378E51EF17A7C00598119 /* Base */ = {isa = PBXFileReference; lastKnownFileType = file.storyboard; name = Base; path = Base.lproj/Main.storyboard; sourceTree = "<group>"; };
		257378E71EF17A7C00598119 /* Assets.xcassets */ = {isa = PBXFileReference; lastKnownFileType = folder.assetcatalog; path = Assets.xcassets; sourceTree = "<group>"; };
		257378EA1EF17A7C00598119 /* Base */ = {isa = PBXFileReference; lastKnownFileType = file.storyboard; name = Base; path = Base.lproj/LaunchScreen.storyboard; sourceTree = "<group>"; };
		257378EC1EF17A7C00598119 /* Info.plist */ = {isa = PBXFileReference; lastKnownFileType = text.plist.xml; path = Info.plist; sourceTree = "<group>"; };
		257378F11EF17A7C00598119 /* ZhouYongTests.xctest */ = {isa = PBXFileReference; explicitFileType = wrapper.cfbundle; includeInIndex = 0; path = ZhouYongTests.xctest; sourceTree = BUILT_PRODUCTS_DIR; };
		257378F51EF17A7D00598119 /* ZhouYongTests.m */ = {isa = PBXFileReference; lastKnownFileType = sourcecode.c.objc; path = ZhouYongTests.m; sourceTree = "<group>"; };
		257378F71EF17A7D00598119 /* Info.plist */ = {isa = PBXFileReference; lastKnownFileType = text.plist.xml; path = Info.plist; sourceTree = "<group>"; };
		257378FC1EF17A7D00598119 /* ZhouYongUITests.xctest */ = {isa = PBXFileReference; explicitFileType = wrapper.cfbundle; includeInIndex = 0; path = ZhouYongUITests.xctest; sourceTree = BUILT_PRODUCTS_DIR; };
		257379001EF17A7D00598119 /* ZhouYongUITests.m */ = {isa = PBXFileReference; lastKnownFileType = sourcecode.c.objc; path = ZhouYongUITests.m; sourceTree = "<group>"; };
		257379021EF17A7D00598119 /* Info.plist */ = {isa = PBXFileReference; lastKnownFileType = text.plist.xml; path = Info.plist; sourceTree = "<group>"; };
/* End PBXFileReference section */

/* Begin PBXFrameworksBuildPhase section */
		257378D51EF17A7C00598119 /* Frameworks */ = {
			isa = PBXFrameworksBuildPhase;
			buildActionMask = 2147483647;
			files = (
			);
			runOnlyForDeploymentPostprocessing = 0;
		};
		257378EE1EF17A7C00598119 /* Frameworks */ = {
			isa = PBXFrameworksBuildPhase;
			buildActionMask = 2147483647;
			files = (
			);
			runOnlyForDeploymentPostprocessing = 0;
		};
		257378F91EF17A7D00598119 /* Frameworks */ = {
			isa = PBXFrameworksBuildPhase;
			buildActionMask = 2147483647;
			files = (
			);
			runOnlyForDeploymentPostprocessing = 0;
		};
/* End PBXFrameworksBuildPhase section */

/* Begin PBXGroup section */
		257378CF1EF17A7C00598119 = {
			isa = PBXGroup;
			children = (
				257378DA1EF17A7C00598119 /* ZhouYong */,
				257378F41EF17A7C00598119 /* ZhouYongTests */,
				257378FF1EF17A7D00598119 /* ZhouYongUITests */,
				257378D91EF17A7C00598119 /* Products */,
			);
			sourceTree = "<group>";
		};
		257378D91EF17A7C00598119 /* Products */ = {
			isa = PBXGroup;
			children = (
				257378D81EF17A7C00598119 /* ZhouYong.app */,
				257378F11EF17A7C00598119 /* ZhouYongTests.xctest */,
				257378FC1EF17A7D00598119 /* ZhouYongUITests.xctest */,
			);
			name = Products;
			sourceTree = "<group>";
		};
		257378DA1EF17A7C00598119 /* ZhouYong */ = {
			isa = PBXGroup;
			children = (
				257378DE1EF17A7C00598119 /* AppDelegate.h */,
				257378DF1EF17A7C00598119 /* AppDelegate.m */,
				257378E11EF17A7C00598119 /* ViewController.h */,
				257378E21EF17A7C00598119 /* ViewController.m */,
				257378E41EF17A7C00598119 /* Main.storyboard */,
				257378E71EF17A7C00598119 /* Assets.xcassets */,
				257378E91EF17A7C00598119 /* LaunchScreen.storyboard */,
				257378EC1EF17A7C00598119 /* Info.plist */,
				257378DB1EF17A7C00598119 /* Supporting Files */,
			);
			path = ZhouYong;
			sourceTree = "<group>";
		};
		257378DB1EF17A7C00598119 /* Supporting Files */ = {
			isa = PBXGroup;
			children = (
				257378DC1EF17A7C00598119 /* main.m */,
			);
			name = "Supporting Files";
			sourceTree = "<group>";
		};
		257378F41EF17A7C00598119 /* ZhouYongTests */ = {
			isa = PBXGroup;
			children = (
				257378F51EF17A7D00598119 /* ZhouYongTests.m */,
				257378F71EF17A7D00598119 /* Info.plist */,
			);
			path = ZhouYongTests;
			sourceTree = "<group>";
		};
		257378FF1EF17A7D00598119 /* ZhouYongUITests */ = {
			isa = PBXGroup;
			children = (
				257379001EF17A7D00598119 /* ZhouYongUITests.m */,
				257379021EF17A7D00598119 /* Info.plist */,
			);
			path = ZhouYongUITests;
			sourceTree = "<group>";
		};
/* End PBXGroup section */

/* Begin PBXNativeTarget section */
		257378D71EF17A7C00598119 /* ZhouYong */ = {
			isa = PBXNativeTarget;
			buildConfigurationList = 257379051EF17A7D00598119 /* Build configuration list for PBXNativeTarget "ZhouYong" */;
			buildPhases = (
				257378D41EF17A7C00598119 /* Sources */,
				257378D51EF17A7C00598119 /* Frameworks */,
				257378D61EF17A7C00598119 /* Resources */,
			);
			buildRules = (
			);
			dependencies = (
			);
			name = ZhouYong;
			productName = ZhouYong;
			productReference = 257378D81EF17A7C00598119 /* ZhouYong.app */;
			productType = "com.apple.product-type.application";
		};
		257378F01EF17A7C00598119 /* ZhouYongTests */ = {
			isa = PBXNativeTarget;
			buildConfigurationList = 257379081EF17A7D00598119 /* Build configuration list for PBXNativeTarget "ZhouYongTests" */;
			buildPhases = (
				257378ED1EF17A7C00598119 /* Sources */,
				257378EE1EF17A7C00598119 /* Frameworks */,
				257378EF1EF17A7C00598119 /* Resources */,
			);
			buildRules = (
			);
			dependencies = (
				257378F31EF17A7C00598119 /* PBXTargetDependency */,
			);
			name = ZhouYongTests;
			productName = ZhouYongTests;
			productReference = 257378F11EF17A7C00598119 /* ZhouYongTests.xctest */;
			productType = "com.apple.product-type.bundle.unit-test";
		};
		257378FB1EF17A7D00598119 /* ZhouYongUITests */ = {
			isa = PBXNativeTarget;
			buildConfigurationList = 2573790B1EF17A7D00598119 /* Build configuration list for PBXNativeTarget "ZhouYongUITests" */;
			buildPhases = (
				257378F81EF17A7D00598119 /* Sources */,
				257378F91EF17A7D00598119 /* Frameworks */,
				257378FA1EF17A7D00598119 /* Resources */,
			);
			buildRules = (
			);
			dependencies = (
				257378FE1EF17A7D00598119 /* PBXTargetDependency */,
			);
			name = ZhouYongUITests;
			productName = ZhouYongUITests;
			productReference = 257378FC1EF17A7D00598119 /* ZhouYongUITests.xctest */;
			productType = "com.apple.product-type.bundle.ui-testing";
		};
/* End PBXNativeTarget section */

/* Begin PBXProject section */
		257378D01EF17A7C00598119 /* Project object */ = {
			isa = PBXProject;
			attributes = {
				LastUpgradeCheck = 0830;
				ORGANIZATIONNAME = Rephontil;
				TargetAttributes = {
					257378D71EF17A7C00598119 = {
						CreatedOnToolsVersion = 8.3;
						DevelopmentTeam = WTLQWL9XU5;
						ProvisioningStyle = Automatic;
					};
					257378F01EF17A7C00598119 = {
						CreatedOnToolsVersion = 8.3;
						DevelopmentTeam = WTLQWL9XU5;
						ProvisioningStyle = Automatic;
						TestTargetID = 257378D71EF17A7C00598119;
					};
					257378FB1EF17A7D00598119 = {
						CreatedOnToolsVersion = 8.3;
						DevelopmentTeam = WTLQWL9XU5;
						ProvisioningStyle = Automatic;
						TestTargetID = 257378D71EF17A7C00598119;
					};
				};
			};
			buildConfigurationList = 257378D31EF17A7C00598119 /* Build configuration list for PBXProject "ZhouYong" */;
			compatibilityVersion = "Xcode 3.2";
			developmentRegion = English;
			hasScannedForEncodings = 0;
			knownRegions = (
				en,
				Base,
			);
			mainGroup = 257378CF1EF17A7C00598119;
			productRefGroup = 257378D91EF17A7C00598119 /* Products */;
			projectDirPath = "";
			projectRoot = "";
			targets = (
				257378D71EF17A7C00598119 /* ZhouYong */,
				257378F01EF17A7C00598119 /* ZhouYongTests */,
				257378FB1EF17A7D00598119 /* ZhouYongUITests */,
			);
		};
/* End PBXProject section */

/* Begin PBXResourcesBuildPhase section */
		257378D61EF17A7C00598119 /* Resources */ = {
			isa = PBXResourcesBuildPhase;
			buildActionMask = 2147483647;
			files = (
				257378EB1EF17A7C00598119 /* LaunchScreen.storyboard in Resources */,
				257378E81EF17A7C00598119 /* Assets.xcassets in Resources */,
				257378E61EF17A7C00598119 /* Main.storyboard in Resources */,
			);
			runOnlyForDeploymentPostprocessing = 0;
		};
		257378EF1EF17A7C00598119 /* Resources */ = {
			isa = PBXResourcesBuildPhase;
			buildActionMask = 2147483647;
			files = (
			);
			runOnlyForDeploymentPostprocessing = 0;
		};
		257378FA1EF17A7D00598119 /* Resources */ = {
			isa = PBXResourcesBuildPhase;
			buildActionMask = 2147483647;
			files = (
			);
			runOnlyForDeploymentPostprocessing = 0;
		};
/* End PBXResourcesBuildPhase section */

/* Begin PBXSourcesBuildPhase section */
		257378D41EF17A7C00598119 /* Sources */ = {
			isa = PBXSourcesBuildPhase;
			buildActionMask = 2147483647;
			files = (
				257378E31EF17A7C00598119 /* ViewController.m in Sources */,
				257378E01EF17A7C00598119 /* AppDelegate.m in Sources */,
				257378DD1EF17A7C00598119 /* main.m in Sources */,
			);
			runOnlyForDeploymentPostprocessing = 0;
		};
		257378ED1EF17A7C00598119 /* Sources */ = {
			isa = PBXSourcesBuildPhase;
			buildActionMask = 2147483647;
			files = (
				257378F61EF17A7D00598119 /* ZhouYongTests.m in Sources */,
			);
			runOnlyForDeploymentPostprocessing = 0;
		};
		257378F81EF17A7D00598119 /* Sources */ = {
			isa = PBXSourcesBuildPhase;
			buildActionMask = 2147483647;
			files = (
				257379011EF17A7D00598119 /* ZhouYongUITests.m in Sources */,
			);
			runOnlyForDeploymentPostprocessing = 0;
		};
/* End PBXSourcesBuildPhase section */

/* Begin PBXTargetDependency section */
		257378F31EF17A7C00598119 /* PBXTargetDependency */ = {
			isa = PBXTargetDependency;
			target = 257378D71EF17A7C00598119 /* ZhouYong */;
			targetProxy = 257378F21EF17A7C00598119 /* PBXContainerItemProxy */;
		};
		257378FE1EF17A7D00598119 /* PBXTargetDependency */ = {
			isa = PBXTargetDependency;
			target = 257378D71EF17A7C00598119 /* ZhouYong */;
			targetProxy = 257378FD1EF17A7D00598119 /* PBXContainerItemProxy */;
		};
/* End PBXTargetDependency section */

/* Begin PBXVariantGroup section */
		257378E41EF17A7C00598119 /* Main.storyboard */ = {
			isa = PBXVariantGroup;
			children = (
				257378E51EF17A7C00598119 /* Base */,
			);
			name = Main.storyboard;
			sourceTree = "<group>";
		};
		257378E91EF17A7C00598119 /* LaunchScreen.storyboard */ = {
			isa = PBXVariantGroup;
			children = (
				257378EA1EF17A7C00598119 /* Base */,
			);
			name = LaunchScreen.storyboard;
			sourceTree = "<group>";
		};
/* End PBXVariantGroup section */

/* Begin XCBuildConfiguration section */
		257379031EF17A7D00598119 /* Debug */ = {
			isa = XCBuildConfiguration;
			buildSettings = {
				ALWAYS_SEARCH_USER_PATHS = NO;
				CLANG_ANALYZER_NONNULL = YES;
				CLANG_ANALYZER_NUMBER_OBJECT_CONVERSION = YES_AGGRESSIVE;
				CLANG_CXX_LANGUAGE_STANDARD = "gnu++0x";
				CLANG_CXX_LIBRARY = "libc++";
				CLANG_ENABLE_MODULES = YES;
				CLANG_ENABLE_OBJC_ARC = YES;
				CLANG_WARN_BOOL_CONVERSION = YES;
				CLANG_WARN_CONSTANT_CONVERSION = YES;
				CLANG_WARN_DIRECT_OBJC_ISA_USAGE = YES_ERROR;
				CLANG_WARN_DOCUMENTATION_COMMENTS = YES;
				CLANG_WARN_EMPTY_BODY = YES;
				CLANG_WARN_ENUM_CONVERSION = YES;
				CLANG_WARN_INFINITE_RECURSION = YES;
				CLANG_WARN_INT_CONVERSION = YES;
				CLANG_WARN_OBJC_ROOT_CLASS = YES_ERROR;
				CLANG_WARN_SUSPICIOUS_MOVE = YES;
				CLANG_WARN_UNREACHABLE_CODE = YES;
				CLANG_WARN__DUPLICATE_METHOD_MATCH = YES;
				"CODE_SIGN_IDENTITY[sdk=iphoneos*]" = "iPhone Developer";
				COPY_PHASE_STRIP = NO;
				DEBUG_INFORMATION_FORMAT = dwarf;
				ENABLE_STRICT_OBJC_MSGSEND = YES;
				ENABLE_TESTABILITY = YES;
				GCC_C_LANGUAGE_STANDARD = gnu99;
				GCC_DYNAMIC_NO_PIC = NO;
				GCC_NO_COMMON_BLOCKS = YES;
				GCC_OPTIMIZATION_LEVEL = 0;
				GCC_PREPROCESSOR_DEFINITIONS = (
					"DEBUG=1",
					"$(inherited)",
				);
				GCC_WARN_64_TO_32_BIT_CONVERSION = YES;
				GCC_WARN_ABOUT_RETURN_TYPE = YES_ERROR;
				GCC_WARN_UNDECLARED_SELECTOR = YES;
				GCC_WARN_UNINITIALIZED_AUTOS = YES_AGGRESSIVE;
				GCC_WARN_UNUSED_FUNCTION = YES;
				GCC_WARN_UNUSED_VARIABLE = YES;
				IPHONEOS_DEPLOYMENT_TARGET = 10.3;
				MTL_ENABLE_DEBUG_INFO = YES;
				ONLY_ACTIVE_ARCH = YES;
				SDKROOT = iphoneos;
				TARGETED_DEVICE_FAMILY = "1,2";
			};
			name = Debug;
		};
		257379041EF17A7D00598119 /* Release */ = {
			isa = XCBuildConfiguration;
			buildSettings = {
				ALWAYS_SEARCH_USER_PATHS = NO;
				CLANG_ANALYZER_NONNULL = YES;
				CLANG_ANALYZER_NUMBER_OBJECT_CONVERSION = YES_AGGRESSIVE;
				CLANG_CXX_LANGUAGE_STANDARD = "gnu++0x";
				CLANG_CXX_LIBRARY = "libc++";
				CLANG_ENABLE_MODULES = YES;
				CLANG_ENABLE_OBJC_ARC = YES;
				CLANG_WARN_BOOL_CONVERSION = YES;
				CLANG_WARN_CONSTANT_CONVERSION = YES;
				CLANG_WARN_DIRECT_OBJC_ISA_USAGE = YES_ERROR;
				CLANG_WARN_DOCUMENTATION_COMMENTS = YES;
				CLANG_WARN_EMPTY_BODY = YES;
				CLANG_WARN_ENUM_CONVERSION = YES;
				CLANG_WARN_INFINITE_RECURSION = YES;
				CLANG_WARN_INT_CONVERSION = YES;
				CLANG_WARN_OBJC_ROOT_CLASS = YES_ERROR;
				CLANG_WARN_SUSPICIOUS_MOVE = YES;
				CLANG_WARN_UNREACHABLE_CODE = YES;
				CLANG_WARN__DUPLICATE_METHOD_MATCH = YES;
				"CODE_SIGN_IDENTITY[sdk=iphoneos*]" = "iPhone Developer";
				COPY_PHASE_STRIP = NO;
				DEBUG_INFORMATION_FORMAT = "dwarf-with-dsym";
				ENABLE_NS_ASSERTIONS = NO;
				ENABLE_STRICT_OBJC_MSGSEND = YES;
				GCC_C_LANGUAGE_STANDARD = gnu99;
				GCC_NO_COMMON_BLOCKS = YES;
				GCC_WARN_64_TO_32_BIT_CONVERSION = YES;
				GCC_WARN_ABOUT_RETURN_TYPE = YES_ERROR;
				GCC_WARN_UNDECLARED_SELECTOR = YES;
				GCC_WARN_UNINITIALIZED_AUTOS = YES_AGGRESSIVE;
				GCC_WARN_UNUSED_FUNCTION = YES;
				GCC_WARN_UNUSED_VARIABLE = YES;
				IPHONEOS_DEPLOYMENT_TARGET = 10.3;
				MTL_ENABLE_DEBUG_INFO = NO;
				SDKROOT = iphoneos;
				TARGETED_DEVICE_FAMILY = "1,2";
				VALIDATE_PRODUCT = YES;
			};
			name = Release;
		};
		257379061EF17A7D00598119 /* Debug */ = {
			isa = XCBuildConfiguration;
			buildSettings = {
				ASSETCATALOG_COMPILER_APPICON_NAME = AppIcon;
				DEVELOPMENT_TEAM = WTLQWL9XU5;
				INFOPLIST_FILE = ZhouYong/Info.plist;
				LD_RUNPATH_SEARCH_PATHS = "$(inherited) @executable_path/Frameworks";
				PRODUCT_BUNDLE_IDENTIFIER = Rephontil.ZhouYong;
				PRODUCT_NAME = "$(TARGET_NAME)";
			};
			name = Debug;
		};
		257379071EF17A7D00598119 /* Release */ = {
			isa = XCBuildConfiguration;
			buildSettings = {
				ASSETCATALOG_COMPILER_APPICON_NAME = AppIcon;
				DEVELOPMENT_TEAM = WTLQWL9XU5;
				INFOPLIST_FILE = ZhouYong/Info.plist;
				LD_RUNPATH_SEARCH_PATHS = "$(inherited) @executable_path/Frameworks";
				PRODUCT_BUNDLE_IDENTIFIER = Rephontil.ZhouYong;
				PRODUCT_NAME = "$(TARGET_NAME)";
			};
			name = Release;
		};
		257379091EF17A7D00598119 /* Debug */ = {
			isa = XCBuildConfiguration;
			buildSettings = {
				BUNDLE_LOADER = "$(TEST_HOST)";
				DEVELOPMENT_TEAM = WTLQWL9XU5;
				INFOPLIST_FILE = ZhouYongTests/Info.plist;
				LD_RUNPATH_SEARCH_PATHS = "$(inherited) @executable_path/Frameworks @loader_path/Frameworks";
				PRODUCT_BUNDLE_IDENTIFIER = Rephontil.ZhouYongTests;
				PRODUCT_NAME = "$(TARGET_NAME)";
				TEST_HOST = "$(BUILT_PRODUCTS_DIR)/ZhouYong.app/ZhouYong";
			};
			name = Debug;
		};
		2573790A1EF17A7D00598119 /* Release */ = {
			isa = XCBuildConfiguration;
			buildSettings = {
				BUNDLE_LOADER = "$(TEST_HOST)";
				DEVELOPMENT_TEAM = WTLQWL9XU5;
				INFOPLIST_FILE = ZhouYongTests/Info.plist;
				LD_RUNPATH_SEARCH_PATHS = "$(inherited) @executable_path/Frameworks @loader_path/Frameworks";
				PRODUCT_BUNDLE_IDENTIFIER = Rephontil.ZhouYongTests;
				PRODUCT_NAME = "$(TARGET_NAME)";
				TEST_HOST = "$(BUILT_PRODUCTS_DIR)/ZhouYong.app/ZhouYong";
			};
			name = Release;
		};
		2573790C1EF17A7D00598119 /* Debug */ = {
			isa = XCBuildConfiguration;
			buildSettings = {
				DEVELOPMENT_TEAM = WTLQWL9XU5;
				INFOPLIST_FILE = ZhouYongUITests/Info.plist;
				LD_RUNPATH_SEARCH_PATHS = "$(inherited) @executable_path/Frameworks @loader_path/Frameworks";
				PRODUCT_BUNDLE_IDENTIFIER = Rephontil.ZhouYongUITests;
				PRODUCT_NAME = "$(TARGET_NAME)";
				TEST_TARGET_NAME = ZhouYong;
			};
			name = Debug;
		};
		2573790D1EF17A7D00598119 /* Release */ = {
			isa = XCBuildConfiguration;
			buildSettings = {
				DEVELOPMENT_TEAM = WTLQWL9XU5;
				INFOPLIST_FILE = ZhouYongUITests/Info.plist;
				LD_RUNPATH_SEARCH_PATHS = "$(inherited) @executable_path/Frameworks @loader_path/Frameworks";
				PRODUCT_BUNDLE_IDENTIFIER = Rephontil.ZhouYongUITests;
				PRODUCT_NAME = "$(TARGET_NAME)";
				TEST_TARGET_NAME = ZhouYong;
			};
			name = Release;
		};
/* End XCBuildConfiguration section */

/* Begin XCConfigurationList section */
		257378D31EF17A7C00598119 /* Build configuration list for PBXProject "ZhouYong" */ = {
			isa = XCConfigurationList;
			buildConfigurations = (
				257379031EF17A7D00598119 /* Debug */,
				257379041EF17A7D00598119 /* Release */,
			);
			defaultConfigurationIsVisible = 0;
			defaultConfigurationName = Release;
		};
		257379051EF17A7D00598119 /* Build configuration list for PBXNativeTarget "ZhouYong" */ = {
			isa = XCConfigurationList;
			buildConfigurations = (
				257379061EF17A7D00598119 /* Debug */,
				257379071EF17A7D00598119 /* Release */,
			);
			defaultConfigurationIsVisible = 0;
		};
		257379081EF17A7D00598119 /* Build configuration list for PBXNativeTarget "ZhouYongTests" */ = {
			isa = XCConfigurationList;
			buildConfigurations = (
				257379091EF17A7D00598119 /* Debug */,
				2573790A1EF17A7D00598119 /* Release */,
			);
			defaultConfigurationIsVisible = 0;
		};
		2573790B1EF17A7D00598119 /* Build configuration list for PBXNativeTarget "ZhouYongUITests" */ = {
			isa = XCConfigurationList;
			buildConfigurations = (
				2573790C1EF17A7D00598119 /* Debug */,
				2573790D1EF17A7D00598119 /* Release */,
			);
			defaultConfigurationIsVisible = 0;
		};
/* End XCConfigurationList section */
	};
	rootObject = 257378D01EF17A7C00598119 /* Project object */;
}
